PODS:
  - core (0.2.2)
  - demo (0.2.2)

DEPENDENCIES:
  - core (from `../core`)
  - demo (from `../demo`)

EXTERNAL SOURCES:
  core:
    :path: "../core"
  demo:
    :path: "../demo"

SPEC CHECKSUMS:
  core: c6a3358bb80b7d432032666dced4ba57dbc5fd01
  demo: a1e6d8580879684d4ae1eb7a583bd63fcdbb1a2f

PODFILE CHECKSUM: 03402e9a08103066905e02309d004724de696bba

COCOAPODS: 1.11.3
